
Microsoft Visual Studio Solution File, Format Version 12.00
# Visual Studio 2012
Project("{FAE04EC0-301F-11D3-BF4B-00C04F79EFBC}") = "MyCalc", "MyCalc\MyCalc.csproj", "{EB34EAB1-210D-482F-9848-68F76C43305E}"
EndProject
Project("{FAE04EC0-301F-11D3-BF4B-00C04F79EFBC}") = "Mandelbrot", "Mandelbrot\Mandelbrot.csproj", "{4F619C5C-38BF-44F3-99F9-730BE2939526}"
EndProject
Project("{FAE04EC0-301F-11D3-BF4B-00C04F79EFBC}") = "MVVM", "MVVM\MVVM.csproj", "{74E59C67-1104-4817-AE1B-60B52BCB2A97}"
EndProject
Global
	GlobalSection(SolutionConfigurationPlatforms) = preSolution
		Debug|Any CPU = Debug|Any CPU
		Release|Any CPU = Release|Any CPU
	EndGlobalSection
	GlobalSection(ProjectConfigurationPlatforms) = postSolution
		{EB34EAB1-210D-482F-9848-68F76C43305E}.Debug|Any CPU.ActiveCfg = Debug|Any CPU
		{EB34EAB1-210D-482F-9848-68F76C43305E}.Debug|Any CPU.Build.0 = Debug|Any CPU
		{EB34EAB1-210D-482F-9848-68F76C43305E}.Release|Any CPU.ActiveCfg = Release|Any CPU
		{EB34EAB1-210D-482F-9848-68F76C43305E}.Release|Any CPU.Build.0 = Release|Any CPU
		{4F619C5C-38BF-44F3-99F9-730BE2939526}.Debug|Any CPU.ActiveCfg = Debug|Any CPU
		{4F619C5C-38BF-44F3-99F9-730BE2939526}.Debug|Any CPU.Build.0 = Debug|Any CPU
		{4F619C5C-38BF-44F3-99F9-730BE2939526}.Release|Any CPU.ActiveCfg = Release|Any CPU
		{4F619C5C-38BF-44F3-99F9-730BE2939526}.Release|Any CPU.Build.0 = Release|Any CPU
		{74E59C67-1104-4817-AE1B-60B52BCB2A97}.Debug|Any CPU.ActiveCfg = Debug|Any CPU
		{74E59C67-1104-4817-AE1B-60B52BCB2A97}.Debug|Any CPU.Build.0 = Debug|Any CPU
		{74E59C67-1104-4817-AE1B-60B52BCB2A97}.Release|Any CPU.ActiveCfg = Release|Any CPU
		{74E59C67-1104-4817-AE1B-60B52BCB2A97}.Release|Any CPU.Build.0 = Release|Any CPU
	EndGlobalSection
	GlobalSection(SolutionProperties) = preSolution
		HideSolutionNode = FALSE
	EndGlobalSection
EndGlobal
